
Microsoft Visual Studio Solution File, Format Version 12.00
# Visual Studio Version 16
VisualStudioVersion = 16.0.31025.194
MinimumVisualStudioVersion = 10.0.40219.1
Project("{FAE04EC0-301F-11D3-BF4B-00C04F79EFBC}") = "ClassMetotDemo", "ClassMetotDemo\ClassMetotDemo.csproj", "{CBEA8F65-E1C0-4D6C-A161-09EF7164F53B}"
EndProject
Global
	GlobalSection(SolutionConfigurationPlatforms) = preSolution
		Debug|Any CPU = Debug|Any CPU
		Release|Any CPU = Release|Any CPU
	EndGlobalSection
	GlobalSection(ProjectConfigurationPlatforms) = postSolution
		{CBEA8F65-E1C0-4D6C-A161-09EF7164F53B}.Debug|Any CPU.ActiveCfg = Debug|Any CPU
		{CBEA8F65-E1C0-4D6C-A161-09EF7164F53B}.Debug|Any CPU.Build.0 = Debug|Any CPU
		{CBEA8F65-E1C0-4D6C-A161-09EF7164F53B}.Release|Any CPU.ActiveCfg = Release|Any CPU
		{CBEA8F65-E1C0-4D6C-A161-09EF7164F53B}.Release|Any CPU.Build.0 = Release|Any CPU
	EndGlobalSection
	GlobalSection(SolutionProperties) = preSolution
		HideSolutionNode = FALSE
	EndGlobalSection
	GlobalSection(ExtensibilityGlobals) = postSolution
		SolutionGuid = {B63E5F1D-4C93-4D7F-AD76-74C18C491B2D}
	EndGlobalSection
EndGlobal
